
Microsoft Visual Studio Solution File, Format Version 12.00
# Visual Studio 15
VisualStudioVersion = 15.0.28307.421
MinimumVisualStudioVersion = 10.0.40219.1
Project("{9A19103F-16F7-4668-BE54-9A1E7A4F7556}") = "Security", "Security\Security.csproj", "{50CE07A5-30AE-42BE-BA8E-FFF3E3645DDF}"
EndProject
Project("{9A19103F-16F7-4668-BE54-9A1E7A4F7556}") = "Activity", "Activity\Activity.csproj", "{98370D53-F22E-4598-9C9C-9FAB10BDF9FF}"
EndProject
Project("{9A19103F-16F7-4668-BE54-9A1E7A4F7556}") = "Payment", "Payments\Payment.csproj", "{7E4592B1-E264-4D5A-AA31-578D2E05B672}"
EndProject
Project("{9A19103F-16F7-4668-BE54-9A1E7A4F7556}") = "Customer", "Customer\Customer.csproj", "{BF0DAF15-946D-42E2-B691-950A3C7D9AF7}"
EndProject
Project("{9A19103F-16F7-4668-BE54-9A1E7A4F7556}") = "Discount", "Discount\Discount.csproj", "{D009E875-E0A9-479F-824D-041F5ACF818F}"
EndProject
Project("{9A19103F-16F7-4668-BE54-9A1E7A4F7556}") = "Inventory", "Inventory\Inventory.csproj", "{3D243447-7E42-440C-AB73-5CCC1C91A964}"
EndProject
Project("{9A19103F-16F7-4668-BE54-9A1E7A4F7556}") = "Order", "Order\Order.csproj", "{399CEF13-8B66-4B2B-A9A4-6C61F70E2DD9}"
EndProject
Project("{9A19103F-16F7-4668-BE54-9A1E7A4F7556}") = "Product", "Product\Product.csproj", "{EB161514-1543-4166-BB08-4F77C3F5C976}"
EndProject
Project("{9A19103F-16F7-4668-BE54-9A1E7A4F7556}") = "Purchase", "Purchase\Purchase.csproj", "{37D8C6A6-1CB2-4FB9-9602-18A7A48F8FDF}"
EndProject
Project("{9A19103F-16F7-4668-BE54-9A1E7A4F7556}") = "Shipment", "Shipment\Shipment.csproj", "{BD01D94D-786D-4BF5-843E-3C6CDA48963A}"
EndProject
Project("{9A19103F-16F7-4668-BE54-9A1E7A4F7556}") = "Fees", "Fees\Fees.csproj", "{DE755BE7-1CEF-4EBF-8F76-9DD0BEDD8FCF}"
EndProject
Project("{2150E333-8FDC-42A3-9474-1A3956D46DE8}") = "WebApis", "WebApis", "{6548EA0F-692F-4B46-824C-37206B216CC2}"
EndProject
Project("{9A19103F-16F7-4668-BE54-9A1E7A4F7556}") = "ApiCore", "ApiCore\ApiCore.csproj", "{289B5FD9-2A89-4D51-972D-BA32E9FDF12C}"
EndProject
Project("{FAE04EC0-301F-11D3-BF4B-00C04F79EFBC}") = "Messaging", "Messaging\Messaging.csproj", "{0D8EC0A5-84B9-408B-91DD-E3EE774189F2}"
EndProject
Project("{E53339B2-1760-4266-BCC7-CA923CBCF16C}") = "docker-compose", "docker-compose.dcproj", "{4BFA0573-9649-40C6-9E74-D463099798C5}"
EndProject
Global
	GlobalSection(SolutionConfigurationPlatforms) = preSolution
		Debug|Any CPU = Debug|Any CPU
		Release|Any CPU = Release|Any CPU
	EndGlobalSection
	GlobalSection(ProjectConfigurationPlatforms) = postSolution
		{50CE07A5-30AE-42BE-BA8E-FFF3E3645DDF}.Debug|Any CPU.ActiveCfg = Debug|Any CPU
		{50CE07A5-30AE-42BE-BA8E-FFF3E3645DDF}.Debug|Any CPU.Build.0 = Debug|Any CPU
		{50CE07A5-30AE-42BE-BA8E-FFF3E3645DDF}.Release|Any CPU.ActiveCfg = Release|Any CPU
		{50CE07A5-30AE-42BE-BA8E-FFF3E3645DDF}.Release|Any CPU.Build.0 = Release|Any CPU
		{98370D53-F22E-4598-9C9C-9FAB10BDF9FF}.Debug|Any CPU.ActiveCfg = Debug|Any CPU
		{98370D53-F22E-4598-9C9C-9FAB10BDF9FF}.Debug|Any CPU.Build.0 = Debug|Any CPU
		{98370D53-F22E-4598-9C9C-9FAB10BDF9FF}.Release|Any CPU.ActiveCfg = Release|Any CPU
		{98370D53-F22E-4598-9C9C-9FAB10BDF9FF}.Release|Any CPU.Build.0 = Release|Any CPU
		{7E4592B1-E264-4D5A-AA31-578D2E05B672}.Debug|Any CPU.ActiveCfg = Debug|Any CPU
		{7E4592B1-E264-4D5A-AA31-578D2E05B672}.Debug|Any CPU.Build.0 = Debug|Any CPU
		{7E4592B1-E264-4D5A-AA31-578D2E05B672}.Release|Any CPU.ActiveCfg = Release|Any CPU
		{7E4592B1-E264-4D5A-AA31-578D2E05B672}.Release|Any CPU.Build.0 = Release|Any CPU
		{BF0DAF15-946D-42E2-B691-950A3C7D9AF7}.Debug|Any CPU.ActiveCfg = Debug|Any CPU
		{BF0DAF15-946D-42E2-B691-950A3C7D9AF7}.Debug|Any CPU.Build.0 = Debug|Any CPU
		{BF0DAF15-946D-42E2-B691-950A3C7D9AF7}.Release|Any CPU.ActiveCfg = Release|Any CPU
		{BF0DAF15-946D-42E2-B691-950A3C7D9AF7}.Release|Any CPU.Build.0 = Release|Any CPU
		{D009E875-E0A9-479F-824D-041F5ACF818F}.Debug|Any CPU.ActiveCfg = Debug|Any CPU
		{D009E875-E0A9-479F-824D-041F5ACF818F}.Debug|Any CPU.Build.0 = Debug|Any CPU
		{D009E875-E0A9-479F-824D-041F5ACF818F}.Release|Any CPU.ActiveCfg = Release|Any CPU
		{D009E875-E0A9-479F-824D-041F5ACF818F}.Release|Any CPU.Build.0 = Release|Any CPU
		{3D243447-7E42-440C-AB73-5CCC1C91A964}.Debug|Any CPU.ActiveCfg = Debug|Any CPU
		{3D243447-7E42-440C-AB73-5CCC1C91A964}.Debug|Any CPU.Build.0 = Debug|Any CPU
		{3D243447-7E42-440C-AB73-5CCC1C91A964}.Release|Any CPU.ActiveCfg = Release|Any CPU
		{3D243447-7E42-440C-AB73-5CCC1C91A964}.Release|Any CPU.Build.0 = Release|Any CPU
		{399CEF13-8B66-4B2B-A9A4-6C61F70E2DD9}.Debug|Any CPU.ActiveCfg = Debug|Any CPU
		{399CEF13-8B66-4B2B-A9A4-6C61F70E2DD9}.Debug|Any CPU.Build.0 = Debug|Any CPU
		{399CEF13-8B66-4B2B-A9A4-6C61F70E2DD9}.Release|Any CPU.ActiveCfg = Release|Any CPU
		{399CEF13-8B66-4B2B-A9A4-6C61F70E2DD9}.Release|Any CPU.Build.0 = Release|Any CPU
		{EB161514-1543-4166-BB08-4F77C3F5C976}.Debug|Any CPU.ActiveCfg = Debug|Any CPU
		{EB161514-1543-4166-BB08-4F77C3F5C976}.Debug|Any CPU.Build.0 = Debug|Any CPU
		{EB161514-1543-4166-BB08-4F77C3F5C976}.Release|Any CPU.ActiveCfg = Release|Any CPU
		{EB161514-1543-4166-BB08-4F77C3F5C976}.Release|Any CPU.Build.0 = Release|Any CPU
		{37D8C6A6-1CB2-4FB9-9602-18A7A48F8FDF}.Debug|Any CPU.ActiveCfg = Debug|Any CPU
		{37D8C6A6-1CB2-4FB9-9602-18A7A48F8FDF}.Debug|Any CPU.Build.0 = Debug|Any CPU
		{37D8C6A6-1CB2-4FB9-9602-18A7A48F8FDF}.Release|Any CPU.ActiveCfg = Release|Any CPU
		{37D8C6A6-1CB2-4FB9-9602-18A7A48F8FDF}.Release|Any CPU.Build.0 = Release|Any CPU
		{BD01D94D-786D-4BF5-843E-3C6CDA48963A}.Debug|Any CPU.ActiveCfg = Debug|Any CPU
		{BD01D94D-786D-4BF5-843E-3C6CDA48963A}.Debug|Any CPU.Build.0 = Debug|Any CPU
		{BD01D94D-786D-4BF5-843E-3C6CDA48963A}.Release|Any CPU.ActiveCfg = Release|Any CPU
		{BD01D94D-786D-4BF5-843E-3C6CDA48963A}.Release|Any CPU.Build.0 = Release|Any CPU
		{DE755BE7-1CEF-4EBF-8F76-9DD0BEDD8FCF}.Debug|Any CPU.ActiveCfg = Debug|Any CPU
		{DE755BE7-1CEF-4EBF-8F76-9DD0BEDD8FCF}.Debug|Any CPU.Build.0 = Debug|Any CPU
		{DE755BE7-1CEF-4EBF-8F76-9DD0BEDD8FCF}.Release|Any CPU.ActiveCfg = Release|Any CPU
		{DE755BE7-1CEF-4EBF-8F76-9DD0BEDD8FCF}.Release|Any CPU.Build.0 = Release|Any CPU
		{289B5FD9-2A89-4D51-972D-BA32E9FDF12C}.Debug|Any CPU.ActiveCfg = Debug|Any CPU
		{289B5FD9-2A89-4D51-972D-BA32E9FDF12C}.Debug|Any CPU.Build.0 = Debug|Any CPU
		{289B5FD9-2A89-4D51-972D-BA32E9FDF12C}.Release|Any CPU.ActiveCfg = Release|Any CPU
		{289B5FD9-2A89-4D51-972D-BA32E9FDF12C}.Release|Any CPU.Build.0 = Release|Any CPU
		{0D8EC0A5-84B9-408B-91DD-E3EE774189F2}.Debug|Any CPU.ActiveCfg = Debug|Any CPU
		{0D8EC0A5-84B9-408B-91DD-E3EE774189F2}.Debug|Any CPU.Build.0 = Debug|Any CPU
		{0D8EC0A5-84B9-408B-91DD-E3EE774189F2}.Release|Any CPU.ActiveCfg = Release|Any CPU
		{0D8EC0A5-84B9-408B-91DD-E3EE774189F2}.Release|Any CPU.Build.0 = Release|Any CPU
		{4BFA0573-9649-40C6-9E74-D463099798C5}.Debug|Any CPU.ActiveCfg = Debug|Any CPU
		{4BFA0573-9649-40C6-9E74-D463099798C5}.Debug|Any CPU.Build.0 = Debug|Any CPU
		{4BFA0573-9649-40C6-9E74-D463099798C5}.Release|Any CPU.ActiveCfg = Release|Any CPU
		{4BFA0573-9649-40C6-9E74-D463099798C5}.Release|Any CPU.Build.0 = Release|Any CPU
	EndGlobalSection
	GlobalSection(SolutionProperties) = preSolution
		HideSolutionNode = FALSE
	EndGlobalSection
	GlobalSection(NestedProjects) = preSolution
		{50CE07A5-30AE-42BE-BA8E-FFF3E3645DDF} = {6548EA0F-692F-4B46-824C-37206B216CC2}
		{98370D53-F22E-4598-9C9C-9FAB10BDF9FF} = {6548EA0F-692F-4B46-824C-37206B216CC2}
		{7E4592B1-E264-4D5A-AA31-578D2E05B672} = {6548EA0F-692F-4B46-824C-37206B216CC2}
		{BF0DAF15-946D-42E2-B691-950A3C7D9AF7} = {6548EA0F-692F-4B46-824C-37206B216CC2}
		{D009E875-E0A9-479F-824D-041F5ACF818F} = {6548EA0F-692F-4B46-824C-37206B216CC2}
		{3D243447-7E42-440C-AB73-5CCC1C91A964} = {6548EA0F-692F-4B46-824C-37206B216CC2}
		{399CEF13-8B66-4B2B-A9A4-6C61F70E2DD9} = {6548EA0F-692F-4B46-824C-37206B216CC2}
		{EB161514-1543-4166-BB08-4F77C3F5C976} = {6548EA0F-692F-4B46-824C-37206B216CC2}
		{37D8C6A6-1CB2-4FB9-9602-18A7A48F8FDF} = {6548EA0F-692F-4B46-824C-37206B216CC2}
		{BD01D94D-786D-4BF5-843E-3C6CDA48963A} = {6548EA0F-692F-4B46-824C-37206B216CC2}
		{DE755BE7-1CEF-4EBF-8F76-9DD0BEDD8FCF} = {6548EA0F-692F-4B46-824C-37206B216CC2}
	EndGlobalSection
	GlobalSection(ExtensibilityGlobals) = postSolution
		SolutionGuid = {87EA3FC9-DAAA-4975-B0DB-684AAC9A52DF}
	EndGlobalSection
EndGlobal
